lockfileVersion: '9.0'

settings:
  autoInstallPeers: true
  excludeLinksFromLockfile: false

importers:

  .:
    dependencies:
      hono:
        specifier: ^4.6.9
        version: 4.6.9

packages:

  hono@4.6.9:
    resolution: {integrity: sha512-p/pN5yZLuZaHzyAOT2nw2/Ud6HhJHYmDNGH6Ck1OWBhPMVeM1r74jbCRwNi0gyFRjjbsGgoHbOyj7mT1PDNbTw==}
    engines: {node: '>=16.9.0'}

snapshots:

  hono@4.6.9: {}
